# This file is automatically @generated by Wally.
# It is not intended for manual editing.
registry = "test"

[[package]]
name = "coiorevent8/maid"
version = "3.4.0"
dependencies = []

[[package]]
name = "constant/guncast"
version = "1.0.0"
dependencies = [["Maid", "coiorevent8/maid@3.4.0"], ["Promise", "evaera/promise@4.0.0"]]

[[package]]
name = "evaera/promise"
version = "4.0.0"
dependencies = []
