# This file is automatically @generated by Wally.
# It is not intended for manual editing.
registry = "test"

[[package]]
name = "coiorevent8/maid"
version = "3.4.0"
dependencies = []

[[package]]
name = "constant/aw-rojo"
version = "2.0.0"
dependencies = [["Future", "red-blox/future@1.0.1"], ["Maid", "coiorevent8/maid@3.4.0"], ["Promise", "evaera/promise@4.0.0"], ["Signal", "sleitnick/signal@2.0.1"], ["Spring", "nightcycle/spring@1.0.0"]]

[[package]]
name = "evaera/promise"
version = "4.0.0"
dependencies = []

[[package]]
name = "nightcycle/spring"
version = "1.0.0"
dependencies = []

[[package]]
name = "red-blox/future"
version = "1.0.1"
dependencies = [["Spawn", "red-blox/spawn@1.1.0"]]

[[package]]
name = "red-blox/spawn"
version = "1.1.0"
dependencies = []

[[package]]
name = "sleitnick/signal"
version = "2.0.1"
dependencies = []
